
Microsoft Visual Studio Solution File, Format Version 12.00
# Visual Studio Version 17
VisualStudioVersion = 17.4.33205.214
MinimumVisualStudioVersion = 10.0.40219.1
Project("{9A19103F-16F7-4668-BE54-9A1E7A4F7556}") = "DEMO_c", "DEMO_c\DEMO_c.csproj", "{F34414BD-3BFB-41D2-A52B-5B691D2EF684}"
EndProject
Project("{FAE04EC0-301F-11D3-BF4B-00C04F79EFBC}") = "demo", "demo\demo.csproj", "{2ACEAC90-6569-43C2-AFE1-067214B2D889}"
EndProject
Project("{FAE04EC0-301F-11D3-BF4B-00C04F79EFBC}") = "ApiCLass", "ApiCLass\ApiCLass.csproj", "{EBAC7CA0-0D99-4463-A4A1-BA13156DF5F4}"
EndProject
Global
	GlobalSection(SolutionConfigurationPlatforms) = preSolution
		Debug|Any CPU = Debug|Any CPU
		Release|Any CPU = Release|Any CPU
	EndGlobalSection
	GlobalSection(ProjectConfigurationPlatforms) = postSolution
		{F34414BD-3BFB-41D2-A52B-5B691D2EF684}.Debug|Any CPU.ActiveCfg = Debug|Any CPU
		{F34414BD-3BFB-41D2-A52B-5B691D2EF684}.Debug|Any CPU.Build.0 = Debug|Any CPU
		{F34414BD-3BFB-41D2-A52B-5B691D2EF684}.Release|Any CPU.ActiveCfg = Release|Any CPU
		{F34414BD-3BFB-41D2-A52B-5B691D2EF684}.Release|Any CPU.Build.0 = Release|Any CPU
		{2ACEAC90-6569-43C2-AFE1-067214B2D889}.Debug|Any CPU.ActiveCfg = Debug|Any CPU
		{2ACEAC90-6569-43C2-AFE1-067214B2D889}.Debug|Any CPU.Build.0 = Debug|Any CPU
		{2ACEAC90-6569-43C2-AFE1-067214B2D889}.Release|Any CPU.ActiveCfg = Release|Any CPU
		{2ACEAC90-6569-43C2-AFE1-067214B2D889}.Release|Any CPU.Build.0 = Release|Any CPU
		{EBAC7CA0-0D99-4463-A4A1-BA13156DF5F4}.Debug|Any CPU.ActiveCfg = Debug|Any CPU
		{EBAC7CA0-0D99-4463-A4A1-BA13156DF5F4}.Debug|Any CPU.Build.0 = Debug|Any CPU
		{EBAC7CA0-0D99-4463-A4A1-BA13156DF5F4}.Release|Any CPU.ActiveCfg = Release|Any CPU
		{EBAC7CA0-0D99-4463-A4A1-BA13156DF5F4}.Release|Any CPU.Build.0 = Release|Any CPU
	EndGlobalSection
	GlobalSection(SolutionProperties) = preSolution
		HideSolutionNode = FALSE
	EndGlobalSection
	GlobalSection(ExtensibilityGlobals) = postSolution
		SolutionGuid = {5A72A75C-40AA-40B8-9795-3993F071D0E2}
	EndGlobalSection
EndGlobal
